
Microsoft Visual Studio Solution File, Format Version 12.00
# Visual Studio 15
VisualStudioVersion = 15.0.35714.111
MinimumVisualStudioVersion = 10.0.40219.1
Project("{FAE04EC0-301F-11D3-BF4B-00C04F79EFBC}") = "Factories", "DesignPattern\Factories.csproj", "{415B75E6-7348-474E-B4AA-F0B2E5B8B276}"
EndProject
Project("{2150E333-8FDC-42A3-9474-1A3956D46DE8}") = "Factory", "Factory", "{A0874F33-56C1-4563-833A-E18AFC141B22}"
EndProject
Project("{FAE04EC0-301F-11D3-BF4B-00C04F79EFBC}") = "BulkReplacement", "BulkReplacement\BulkReplacement.csproj", "{6D9140F7-BE15-4F53-9415-273D96300E59}"
EndProject
Project("{FAE04EC0-301F-11D3-BF4B-00C04F79EFBC}") = "AbstractFactory", "AbstractFactory\AbstractFactory.csproj", "{E9373A69-8D18-432D-B66E-EFA68DBF608A}"
EndProject
Project("{2150E333-8FDC-42A3-9474-1A3956D46DE8}") = "Prototype", "Prototype", "{6DEE9F99-7234-4949-B58A-EDF0BE33EE48}"
EndProject
Project("{FAE04EC0-301F-11D3-BF4B-00C04F79EFBC}") = "ICloneable", "ICloneable\ICloneable.csproj", "{4ECB2B8F-8A2C-49FA-883B-8A93B36869D6}"
EndProject
Project("{FAE04EC0-301F-11D3-BF4B-00C04F79EFBC}") = "CopyConstructors", "CopyConstructors\CopyConstructors.csproj", "{EF18567E-16C4-4207-A16A-D6D7616957E6}"
EndProject
Project("{FAE04EC0-301F-11D3-BF4B-00C04F79EFBC}") = "Inheritance", "Inheritance\Inheritance.csproj", "{CF536014-271B-498A-BCB4-8966C5534E74}"
EndProject
Project("{2150E333-8FDC-42A3-9474-1A3956D46DE8}") = "Singleton", "Singleton", "{F76C342A-1967-460A-99BB-A206DCA239AC}"
EndProject
Project("{FAE04EC0-301F-11D3-BF4B-00C04F79EFBC}") = "Singleton", "Singleton\Singleton.csproj", "{A5F59B6E-0F2E-4A50-B6A1-D078EB8228F1}"
EndProject
Project("{FAE04EC0-301F-11D3-BF4B-00C04F79EFBC}") = "Monostate", "Monostate\Monostate.csproj", "{C3A43ED2-77A1-4293-BC39-1DB25F308D78}"
EndProject
Project("{FAE04EC0-301F-11D3-BF4B-00C04F79EFBC}") = "PerThreadSingleton", "PerThreadSingleton\PerThreadSingleton.csproj", "{ACEA268A-8AB9-4D4C-893D-19DBBE35BB03}"
EndProject
Project("{FAE04EC0-301F-11D3-BF4B-00C04F79EFBC}") = "AmbientContext", "AmbientContext\AmbientContext.csproj", "{7C21992B-E68D-4FB1-83B9-35268E8CC188}"
EndProject
Project("{2150E333-8FDC-42A3-9474-1A3956D46DE8}") = "Adapter", "Adapter", "{653E40A8-4637-4933-8284-39BD6991E253}"
EndProject
Project("{FAE04EC0-301F-11D3-BF4B-00C04F79EFBC}") = "NoCaching", "NoCaching\NoCaching.csproj", "{4041DC94-9469-4579-AC91-18B3100857E7}"
EndProject
Project("{FAE04EC0-301F-11D3-BF4B-00C04F79EFBC}") = "WithCache", "WithCache\WithCache.csproj", "{893E6DD4-8267-48AF-8883-2A0228AFFEDC}"
EndProject
Project("{FAE04EC0-301F-11D3-BF4B-00C04F79EFBC}") = "GenericValueAdaptor", "GenericValueAdaptor\GenericValueAdaptor.csproj", "{EDE63367-406E-4F71-BDC8-045D063CE346}"
EndProject
Project("{FAE04EC0-301F-11D3-BF4B-00C04F79EFBC}") = "SingletonDependencyInjection", "SingletonDependencyInjection\SingletonDependencyInjection.csproj", "{8FC65296-D82A-4BB4-98A9-2536E8134B47}"
EndProject
Project("{FAE04EC0-301F-11D3-BF4B-00C04F79EFBC}") = "AdaptorDependencyInjection", "AdaptorDependencyInjection\AdaptorDependencyInjection.csproj", "{38D3A596-83D5-4F52-8734-80C35AA823B4}"
EndProject
Project("{2150E333-8FDC-42A3-9474-1A3956D46DE8}") = "Bridge", "Bridge", "{5A162514-859D-46DA-9627-DCA64E858038}"
EndProject
Project("{FAE04EC0-301F-11D3-BF4B-00C04F79EFBC}") = "Bridge", "BridgeDependencyInjection\Bridge.csproj", "{1B4319AA-DDA8-45ED-80F0-19BB569269C5}"
EndProject
Project("{2150E333-8FDC-42A3-9474-1A3956D46DE8}") = "Composite", "Composite", "{F34098A7-7D98-4F54-8697-0A6CACC342BC}"
EndProject
Project("{FAE04EC0-301F-11D3-BF4B-00C04F79EFBC}") = "CompositePattern", "CompositePattern\CompositePattern.csproj", "{21AD5CB1-6EB3-4ED0-B85B-46D562ABB8B6}"
EndProject
Project("{2150E333-8FDC-42A3-9474-1A3956D46DE8}") = "Decorator", "Decorator", "{23007F25-7837-46A9-9743-CE90FDBB3880}"
EndProject
Project("{FAE04EC0-301F-11D3-BF4B-00C04F79EFBC}") = "ValidationEngineDecorator", "ValidationEngineDecorator\ValidationEngineDecorator.csproj", "{CCF23A18-845A-4461-AF2B-B9E54F7AD31E}"
EndProject
Project("{FAE04EC0-301F-11D3-BF4B-00C04F79EFBC}") = "MultipleInheritance", "MultipleInheritance\MultipleInheritance.csproj", "{C496AA9E-4B63-428D-8D10-A14F082987D9}"
EndProject
Project("{FAE04EC0-301F-11D3-BF4B-00C04F79EFBC}") = "StaticDecoratorComposition", "StaticDecoratorComposition\StaticDecoratorComposition.csproj", "{54239DFD-67FB-45CC-B91B-D81BA3B8C6F0}"
EndProject
Project("{FAE04EC0-301F-11D3-BF4B-00C04F79EFBC}") = "DynamicDecoratorComposition", "DynamicDecoratorComposition\DynamicDecoratorComposition.csproj", "{6E511480-7D37-4719-B8BE-AC5339E0CA09}"
EndProject
Project("{FAE04EC0-301F-11D3-BF4B-00C04F79EFBC}") = "StaticDecoratorCompositionDI", "StaticDecoratorCompositionDI\StaticDecoratorCompositionDI.csproj", "{C7B4C197-AD35-4A63-BC60-DBAE69495369}"
EndProject
Project("{FAE04EC0-301F-11D3-BF4B-00C04F79EFBC}") = "DynamicDecoratorCompositionDI", "DynamicDecoratorCompositionDI\DynamicDecoratorCompositionDI.csproj", "{B1160964-4760-4F47-805A-BAAC8394244D}"
EndProject
Global
	GlobalSection(SolutionConfigurationPlatforms) = preSolution
		Debug|Any CPU = Debug|Any CPU
		Release|Any CPU = Release|Any CPU
	EndGlobalSection
	GlobalSection(ProjectConfigurationPlatforms) = postSolution
		{415B75E6-7348-474E-B4AA-F0B2E5B8B276}.Debug|Any CPU.ActiveCfg = Debug|Any CPU
		{415B75E6-7348-474E-B4AA-F0B2E5B8B276}.Debug|Any CPU.Build.0 = Debug|Any CPU
		{415B75E6-7348-474E-B4AA-F0B2E5B8B276}.Release|Any CPU.ActiveCfg = Release|Any CPU
		{415B75E6-7348-474E-B4AA-F0B2E5B8B276}.Release|Any CPU.Build.0 = Release|Any CPU
		{6D9140F7-BE15-4F53-9415-273D96300E59}.Debug|Any CPU.ActiveCfg = Debug|Any CPU
		{6D9140F7-BE15-4F53-9415-273D96300E59}.Debug|Any CPU.Build.0 = Debug|Any CPU
		{6D9140F7-BE15-4F53-9415-273D96300E59}.Release|Any CPU.ActiveCfg = Release|Any CPU
		{6D9140F7-BE15-4F53-9415-273D96300E59}.Release|Any CPU.Build.0 = Release|Any CPU
		{E9373A69-8D18-432D-B66E-EFA68DBF608A}.Debug|Any CPU.ActiveCfg = Debug|Any CPU
		{E9373A69-8D18-432D-B66E-EFA68DBF608A}.Debug|Any CPU.Build.0 = Debug|Any CPU
		{E9373A69-8D18-432D-B66E-EFA68DBF608A}.Release|Any CPU.ActiveCfg = Release|Any CPU
		{E9373A69-8D18-432D-B66E-EFA68DBF608A}.Release|Any CPU.Build.0 = Release|Any CPU
		{4ECB2B8F-8A2C-49FA-883B-8A93B36869D6}.Debug|Any CPU.ActiveCfg = Debug|Any CPU
		{4ECB2B8F-8A2C-49FA-883B-8A93B36869D6}.Debug|Any CPU.Build.0 = Debug|Any CPU
		{4ECB2B8F-8A2C-49FA-883B-8A93B36869D6}.Release|Any CPU.ActiveCfg = Release|Any CPU
		{4ECB2B8F-8A2C-49FA-883B-8A93B36869D6}.Release|Any CPU.Build.0 = Release|Any CPU
		{EF18567E-16C4-4207-A16A-D6D7616957E6}.Debug|Any CPU.ActiveCfg = Debug|Any CPU
		{EF18567E-16C4-4207-A16A-D6D7616957E6}.Debug|Any CPU.Build.0 = Debug|Any CPU
		{EF18567E-16C4-4207-A16A-D6D7616957E6}.Release|Any CPU.ActiveCfg = Release|Any CPU
		{EF18567E-16C4-4207-A16A-D6D7616957E6}.Release|Any CPU.Build.0 = Release|Any CPU
		{CF536014-271B-498A-BCB4-8966C5534E74}.Debug|Any CPU.ActiveCfg = Debug|Any CPU
		{CF536014-271B-498A-BCB4-8966C5534E74}.Debug|Any CPU.Build.0 = Debug|Any CPU
		{CF536014-271B-498A-BCB4-8966C5534E74}.Release|Any CPU.ActiveCfg = Release|Any CPU
		{CF536014-271B-498A-BCB4-8966C5534E74}.Release|Any CPU.Build.0 = Release|Any CPU
		{A5F59B6E-0F2E-4A50-B6A1-D078EB8228F1}.Debug|Any CPU.ActiveCfg = Debug|Any CPU
		{A5F59B6E-0F2E-4A50-B6A1-D078EB8228F1}.Debug|Any CPU.Build.0 = Debug|Any CPU
		{A5F59B6E-0F2E-4A50-B6A1-D078EB8228F1}.Release|Any CPU.ActiveCfg = Release|Any CPU
		{A5F59B6E-0F2E-4A50-B6A1-D078EB8228F1}.Release|Any CPU.Build.0 = Release|Any CPU
		{C3A43ED2-77A1-4293-BC39-1DB25F308D78}.Debug|Any CPU.ActiveCfg = Debug|Any CPU
		{C3A43ED2-77A1-4293-BC39-1DB25F308D78}.Debug|Any CPU.Build.0 = Debug|Any CPU
		{C3A43ED2-77A1-4293-BC39-1DB25F308D78}.Release|Any CPU.ActiveCfg = Release|Any CPU
		{C3A43ED2-77A1-4293-BC39-1DB25F308D78}.Release|Any CPU.Build.0 = Release|Any CPU
		{ACEA268A-8AB9-4D4C-893D-19DBBE35BB03}.Debug|Any CPU.ActiveCfg = Debug|Any CPU
		{ACEA268A-8AB9-4D4C-893D-19DBBE35BB03}.Debug|Any CPU.Build.0 = Debug|Any CPU
		{ACEA268A-8AB9-4D4C-893D-19DBBE35BB03}.Release|Any CPU.ActiveCfg = Release|Any CPU
		{ACEA268A-8AB9-4D4C-893D-19DBBE35BB03}.Release|Any CPU.Build.0 = Release|Any CPU
		{7C21992B-E68D-4FB1-83B9-35268E8CC188}.Debug|Any CPU.ActiveCfg = Debug|Any CPU
		{7C21992B-E68D-4FB1-83B9-35268E8CC188}.Debug|Any CPU.Build.0 = Debug|Any CPU
		{7C21992B-E68D-4FB1-83B9-35268E8CC188}.Release|Any CPU.ActiveCfg = Release|Any CPU
		{7C21992B-E68D-4FB1-83B9-35268E8CC188}.Release|Any CPU.Build.0 = Release|Any CPU
		{4041DC94-9469-4579-AC91-18B3100857E7}.Debug|Any CPU.ActiveCfg = Debug|Any CPU
		{4041DC94-9469-4579-AC91-18B3100857E7}.Debug|Any CPU.Build.0 = Debug|Any CPU
		{4041DC94-9469-4579-AC91-18B3100857E7}.Release|Any CPU.ActiveCfg = Release|Any CPU
		{4041DC94-9469-4579-AC91-18B3100857E7}.Release|Any CPU.Build.0 = Release|Any CPU
		{893E6DD4-8267-48AF-8883-2A0228AFFEDC}.Debug|Any CPU.ActiveCfg = Debug|Any CPU
		{893E6DD4-8267-48AF-8883-2A0228AFFEDC}.Debug|Any CPU.Build.0 = Debug|Any CPU
		{893E6DD4-8267-48AF-8883-2A0228AFFEDC}.Release|Any CPU.ActiveCfg = Release|Any CPU
		{893E6DD4-8267-48AF-8883-2A0228AFFEDC}.Release|Any CPU.Build.0 = Release|Any CPU
		{EDE63367-406E-4F71-BDC8-045D063CE346}.Debug|Any CPU.ActiveCfg = Debug|Any CPU
		{EDE63367-406E-4F71-BDC8-045D063CE346}.Debug|Any CPU.Build.0 = Debug|Any CPU
		{EDE63367-406E-4F71-BDC8-045D063CE346}.Release|Any CPU.ActiveCfg = Release|Any CPU
		{EDE63367-406E-4F71-BDC8-045D063CE346}.Release|Any CPU.Build.0 = Release|Any CPU
		{8FC65296-D82A-4BB4-98A9-2536E8134B47}.Debug|Any CPU.ActiveCfg = Debug|Any CPU
		{8FC65296-D82A-4BB4-98A9-2536E8134B47}.Debug|Any CPU.Build.0 = Debug|Any CPU
		{8FC65296-D82A-4BB4-98A9-2536E8134B47}.Release|Any CPU.ActiveCfg = Release|Any CPU
		{8FC65296-D82A-4BB4-98A9-2536E8134B47}.Release|Any CPU.Build.0 = Release|Any CPU
		{38D3A596-83D5-4F52-8734-80C35AA823B4}.Debug|Any CPU.ActiveCfg = Debug|Any CPU
		{38D3A596-83D5-4F52-8734-80C35AA823B4}.Debug|Any CPU.Build.0 = Debug|Any CPU
		{38D3A596-83D5-4F52-8734-80C35AA823B4}.Release|Any CPU.ActiveCfg = Release|Any CPU
		{38D3A596-83D5-4F52-8734-80C35AA823B4}.Release|Any CPU.Build.0 = Release|Any CPU
		{1B4319AA-DDA8-45ED-80F0-19BB569269C5}.Debug|Any CPU.ActiveCfg = Debug|Any CPU
		{1B4319AA-DDA8-45ED-80F0-19BB569269C5}.Debug|Any CPU.Build.0 = Debug|Any CPU
		{1B4319AA-DDA8-45ED-80F0-19BB569269C5}.Release|Any CPU.ActiveCfg = Release|Any CPU
		{1B4319AA-DDA8-45ED-80F0-19BB569269C5}.Release|Any CPU.Build.0 = Release|Any CPU
		{21AD5CB1-6EB3-4ED0-B85B-46D562ABB8B6}.Debug|Any CPU.ActiveCfg = Debug|Any CPU
		{21AD5CB1-6EB3-4ED0-B85B-46D562ABB8B6}.Debug|Any CPU.Build.0 = Debug|Any CPU
		{21AD5CB1-6EB3-4ED0-B85B-46D562ABB8B6}.Release|Any CPU.ActiveCfg = Release|Any CPU
		{21AD5CB1-6EB3-4ED0-B85B-46D562ABB8B6}.Release|Any CPU.Build.0 = Release|Any CPU
		{CCF23A18-845A-4461-AF2B-B9E54F7AD31E}.Debug|Any CPU.ActiveCfg = Debug|Any CPU
		{CCF23A18-845A-4461-AF2B-B9E54F7AD31E}.Debug|Any CPU.Build.0 = Debug|Any CPU
		{CCF23A18-845A-4461-AF2B-B9E54F7AD31E}.Release|Any CPU.ActiveCfg = Release|Any CPU
		{CCF23A18-845A-4461-AF2B-B9E54F7AD31E}.Release|Any CPU.Build.0 = Release|Any CPU
		{C496AA9E-4B63-428D-8D10-A14F082987D9}.Debug|Any CPU.ActiveCfg = Debug|Any CPU
		{C496AA9E-4B63-428D-8D10-A14F082987D9}.Debug|Any CPU.Build.0 = Debug|Any CPU
		{C496AA9E-4B63-428D-8D10-A14F082987D9}.Release|Any CPU.ActiveCfg = Release|Any CPU
		{C496AA9E-4B63-428D-8D10-A14F082987D9}.Release|Any CPU.Build.0 = Release|Any CPU
		{54239DFD-67FB-45CC-B91B-D81BA3B8C6F0}.Debug|Any CPU.ActiveCfg = Debug|Any CPU
		{54239DFD-67FB-45CC-B91B-D81BA3B8C6F0}.Debug|Any CPU.Build.0 = Debug|Any CPU
		{54239DFD-67FB-45CC-B91B-D81BA3B8C6F0}.Release|Any CPU.ActiveCfg = Release|Any CPU
		{54239DFD-67FB-45CC-B91B-D81BA3B8C6F0}.Release|Any CPU.Build.0 = Release|Any CPU
		{6E511480-7D37-4719-B8BE-AC5339E0CA09}.Debug|Any CPU.ActiveCfg = Debug|Any CPU
		{6E511480-7D37-4719-B8BE-AC5339E0CA09}.Debug|Any CPU.Build.0 = Debug|Any CPU
		{6E511480-7D37-4719-B8BE-AC5339E0CA09}.Release|Any CPU.ActiveCfg = Release|Any CPU
		{6E511480-7D37-4719-B8BE-AC5339E0CA09}.Release|Any CPU.Build.0 = Release|Any CPU
		{C7B4C197-AD35-4A63-BC60-DBAE69495369}.Debug|Any CPU.ActiveCfg = Debug|Any CPU
		{C7B4C197-AD35-4A63-BC60-DBAE69495369}.Debug|Any CPU.Build.0 = Debug|Any CPU
		{C7B4C197-AD35-4A63-BC60-DBAE69495369}.Release|Any CPU.ActiveCfg = Release|Any CPU
		{C7B4C197-AD35-4A63-BC60-DBAE69495369}.Release|Any CPU.Build.0 = Release|Any CPU
		{B1160964-4760-4F47-805A-BAAC8394244D}.Debug|Any CPU.ActiveCfg = Debug|Any CPU
		{B1160964-4760-4F47-805A-BAAC8394244D}.Debug|Any CPU.Build.0 = Debug|Any CPU
		{B1160964-4760-4F47-805A-BAAC8394244D}.Release|Any CPU.ActiveCfg = Release|Any CPU
		{B1160964-4760-4F47-805A-BAAC8394244D}.Release|Any CPU.Build.0 = Release|Any CPU
	EndGlobalSection
	GlobalSection(SolutionProperties) = preSolution
		HideSolutionNode = FALSE
	EndGlobalSection
	GlobalSection(NestedProjects) = preSolution
		{415B75E6-7348-474E-B4AA-F0B2E5B8B276} = {A0874F33-56C1-4563-833A-E18AFC141B22}
		{6D9140F7-BE15-4F53-9415-273D96300E59} = {A0874F33-56C1-4563-833A-E18AFC141B22}
		{E9373A69-8D18-432D-B66E-EFA68DBF608A} = {A0874F33-56C1-4563-833A-E18AFC141B22}
		{4ECB2B8F-8A2C-49FA-883B-8A93B36869D6} = {6DEE9F99-7234-4949-B58A-EDF0BE33EE48}
		{EF18567E-16C4-4207-A16A-D6D7616957E6} = {6DEE9F99-7234-4949-B58A-EDF0BE33EE48}
		{CF536014-271B-498A-BCB4-8966C5534E74} = {6DEE9F99-7234-4949-B58A-EDF0BE33EE48}
		{A5F59B6E-0F2E-4A50-B6A1-D078EB8228F1} = {F76C342A-1967-460A-99BB-A206DCA239AC}
		{C3A43ED2-77A1-4293-BC39-1DB25F308D78} = {F76C342A-1967-460A-99BB-A206DCA239AC}
		{ACEA268A-8AB9-4D4C-893D-19DBBE35BB03} = {F76C342A-1967-460A-99BB-A206DCA239AC}
		{7C21992B-E68D-4FB1-83B9-35268E8CC188} = {F76C342A-1967-460A-99BB-A206DCA239AC}
		{4041DC94-9469-4579-AC91-18B3100857E7} = {653E40A8-4637-4933-8284-39BD6991E253}
		{893E6DD4-8267-48AF-8883-2A0228AFFEDC} = {653E40A8-4637-4933-8284-39BD6991E253}
		{EDE63367-406E-4F71-BDC8-045D063CE346} = {653E40A8-4637-4933-8284-39BD6991E253}
		{8FC65296-D82A-4BB4-98A9-2536E8134B47} = {F76C342A-1967-460A-99BB-A206DCA239AC}
		{38D3A596-83D5-4F52-8734-80C35AA823B4} = {653E40A8-4637-4933-8284-39BD6991E253}
		{1B4319AA-DDA8-45ED-80F0-19BB569269C5} = {5A162514-859D-46DA-9627-DCA64E858038}
		{21AD5CB1-6EB3-4ED0-B85B-46D562ABB8B6} = {F34098A7-7D98-4F54-8697-0A6CACC342BC}
		{CCF23A18-845A-4461-AF2B-B9E54F7AD31E} = {23007F25-7837-46A9-9743-CE90FDBB3880}
		{C496AA9E-4B63-428D-8D10-A14F082987D9} = {23007F25-7837-46A9-9743-CE90FDBB3880}
		{54239DFD-67FB-45CC-B91B-D81BA3B8C6F0} = {23007F25-7837-46A9-9743-CE90FDBB3880}
		{6E511480-7D37-4719-B8BE-AC5339E0CA09} = {23007F25-7837-46A9-9743-CE90FDBB3880}
		{C7B4C197-AD35-4A63-BC60-DBAE69495369} = {23007F25-7837-46A9-9743-CE90FDBB3880}
		{B1160964-4760-4F47-805A-BAAC8394244D} = {23007F25-7837-46A9-9743-CE90FDBB3880}
	EndGlobalSection
	GlobalSection(ExtensibilityGlobals) = postSolution
		SolutionGuid = {28603BD7-53E3-4BA4-B9E9-DD0F8C651E73}
	EndGlobalSection
EndGlobal
